github.com/mattn/go-pointer v0.0.1 h1:n+XhsuGeVO6MEAp7xyEukFINEa+Quek5psIR/ylA6o0=
github.com/mattn/go-pointer v0.0.1/go.mod h1:2zXcozF6qYGgmsG+SeTZz3oAbFLdD3OWqnUbNvJZAlc=
github.com/tinyzimmer/go-glib v0.0.23 h1:ioyVVIBYNzmRidFmsTkBgR6I4FcA9n1N89GH6JtShHU=
github.com/tinyzimmer/go-glib v0.0.23/go.mod h1:ltV0gO6xNFzZhsIRbFXv8RTq9NGoNT2dmAER4YmZfaM=
