github.com/go-gst/go-glib v1.2.1 h1:ibAr5N1NmuHmZ5RaCFjFjeUy0Rk3t3LgvGutmwBeR9E=
github.com/go-gst/go-glib v1.2.1/go.mod h1:JybIYeoHNwCkHGaBf1fHNIaM4sQTrJPkPLsi7dmPNOU=
github.com/go-gst/go-gst v1.2.1 h1:FqUFGFllbuC8LkQoqULgAui2ZS0VU1WEBCNekIMcBEE=
github.com/go-gst/go-gst v1.2.1/go.mod h1:OGPRsJdvNYCKjt3e4H4i8J6KVd2Wk5S2lzsEQ8mO1+g=
github.com/mattn/go-pointer v0.0.1 h1:n+XhsuGeVO6MEAp7xyEukFINEa+Quek5psIR/ylA6o0=
github.com/mattn/go-pointer v0.0.1/go.mod h1:2zXcozF6qYGgmsG+SeTZz3oAbFLdD3OWqnUbNvJZAlc=
golang.org/x/exp v0.0.0-20240904232852-e7e105dedf7e h1:I88y4caeGeuDQxgdoFPUq097j7kNfw6uvuiNxUBfcBk=
golang.org/x/exp v0.0.0-20240904232852-e7e105dedf7e/go.mod h1:akd2r19cwCdwSwWeIdzYQGa/EZZyqcOdwWiwj5L5eKQ=
golang.org/x/net v0.29.0 h1:5ORfpBpCs4HzDYoodCDBbwHzdR5UrLBZ3sOnUJmFoHo=
golang.org/x/net v0.29.0/go.mod h1:gLkgy8jTGERgjzMic6DS9+SP0ajcu6Xu3Orq/SpETg0=
